// !$*UTF8*$!
{
	archiveVersion = 1;
	classes = {
	};
	objectVersion = 56;
	objects = {

/* Begin PBXBuildFile section */
		B447145B2C39A0F90055DDFF /* TitleTableViewCell.swift in Sources */ = {isa = PBXBuildFile; fileRef = B447145A2C39A0F90055DDFF /* TitleTableViewCell.swift */; };
		B447145D2C39A4160055DDFF /* TitleViewModel.swift in Sources */ = {isa = PBXBuildFile; fileRef = B447145C2C39A4160055DDFF /* TitleViewModel.swift */; };
		B4AFF5CA2C34CAF900032E53 /* AppDelegate.swift in Sources */ = {isa = PBXBuildFile; fileRef = B4AFF5C92C34CAF900032E53 /* AppDelegate.swift */; };
		B4AFF5CC2C34CAF900032E53 /* SceneDelegate.swift in Sources */ = {isa = PBXBuildFile; fileRef = B4AFF5CB2C34CAF900032E53 /* SceneDelegate.swift */; };
		B4AFF5CE2C34CAF900032E53 /* MainTabBarViewController.swift in Sources */ = {isa = PBXBuildFile; fileRef = B4AFF5CD2C34CAF900032E53 /* MainTabBarViewController.swift */; };
		B4AFF5D32C34CAFC00032E53 /* Assets.xcassets in Resources */ = {isa = PBXBuildFile; fileRef = B4AFF5D22C34CAFC00032E53 /* Assets.xcassets */; };
		B4AFF5D62C34CAFC00032E53 /* Base in Resources */ = {isa = PBXBuildFile; fileRef = B4AFF5D52C34CAFC00032E53 /* Base */; };
		B4AFF5DF2C34D13100032E53 /* HomeViewController.swift in Sources */ = {isa = PBXBuildFile; fileRef = B4AFF5DE2C34D13100032E53 /* HomeViewController.swift */; };
		B4AFF5E12C34D17C00032E53 /* UpcomingViewController.swift in Sources */ = {isa = PBXBuildFile; fileRef = B4AFF5E02C34D17C00032E53 /* UpcomingViewController.swift */; };
		B4AFF5E32C34D1A400032E53 /* SearchViewController.swift in Sources */ = {isa = PBXBuildFile; fileRef = B4AFF5E22C34D1A400032E53 /* SearchViewController.swift */; };
		B4AFF5E52C34D1CD00032E53 /* DownloadsViewController.swift in Sources */ = {isa = PBXBuildFile; fileRef = B4AFF5E42C34D1CD00032E53 /* DownloadsViewController.swift */; };
		B4AFF5EC2C34DC8900032E53 /* CollectionViewTableViewCell.swift in Sources */ = {isa = PBXBuildFile; fileRef = B4AFF5EB2C34DC8900032E53 /* CollectionViewTableViewCell.swift */; };
		B4AFF5EE2C34E2A000032E53 /* HeroHeaderUIView.swift in Sources */ = {isa = PBXBuildFile; fileRef = B4AFF5ED2C34E2A000032E53 /* HeroHeaderUIView.swift */; };
		B4FC7FA62C378500000FD8ED /* APICaller.swift in Sources */ = {isa = PBXBuildFile; fileRef = B4FC7FA52C378500000FD8ED /* APICaller.swift */; };
		B4FC7FA82C3792A7000FD8ED /* Title.swift in Sources */ = {isa = PBXBuildFile; fileRef = B4FC7FA72C3792A7000FD8ED /* Title.swift */; };
		B4FC7FAA2C379704000FD8ED /* Extensions.swift in Sources */ = {isa = PBXBuildFile; fileRef = B4FC7FA92C379704000FD8ED /* Extensions.swift */; };
		B4FC7FAE2C37A2F6000FD8ED /* TitleCollectionViewCell.swift in Sources */ = {isa = PBXBuildFile; fileRef = B4FC7FAD2C37A2F6000FD8ED /* TitleCollectionViewCell.swift */; };
		B4FC7FB12C37A46B000FD8ED /* SDWebImage in Frameworks */ = {isa = PBXBuildFile; productRef = B4FC7FB02C37A46B000FD8ED /* SDWebImage */; };
		B4FC7FB32C37A46B000FD8ED /* SDWebImageMapKit in Frameworks */ = {isa = PBXBuildFile; productRef = B4FC7FB22C37A46B000FD8ED /* SDWebImageMapKit */; };
/* End PBXBuildFile section */

/* Begin PBXFileReference section */
		B447145A2C39A0F90055DDFF /* TitleTableViewCell.swift */ = {isa = PBXFileReference; lastKnownFileType = sourcecode.swift; path = TitleTableViewCell.swift; sourceTree = "<group>"; };
		B447145C2C39A4160055DDFF /* TitleViewModel.swift */ = {isa = PBXFileReference; lastKnownFileType = sourcecode.swift; path = TitleViewModel.swift; sourceTree = "<group>"; };
		B4AFF5C62C34CAF900032E53 /* Netflix Clone.app */ = {isa = PBXFileReference; explicitFileType = wrapper.application; includeInIndex = 0; path = "Netflix Clone.app"; sourceTree = BUILT_PRODUCTS_DIR; };
		B4AFF5C92C34CAF900032E53 /* AppDelegate.swift */ = {isa = PBXFileReference; lastKnownFileType = sourcecode.swift; path = AppDelegate.swift; sourceTree = "<group>"; };
		B4AFF5CB2C34CAF900032E53 /* SceneDelegate.swift */ = {isa = PBXFileReference; lastKnownFileType = sourcecode.swift; path = SceneDelegate.swift; sourceTree = "<group>"; };
		B4AFF5CD2C34CAF900032E53 /* MainTabBarViewController.swift */ = {isa = PBXFileReference; lastKnownFileType = sourcecode.swift; path = MainTabBarViewController.swift; sourceTree = "<group>"; };
		B4AFF5D22C34CAFC00032E53 /* Assets.xcassets */ = {isa = PBXFileReference; lastKnownFileType = folder.assetcatalog; path = Assets.xcassets; sourceTree = "<group>"; };
		B4AFF5D52C34CAFC00032E53 /* Base */ = {isa = PBXFileReference; lastKnownFileType = file.storyboard; name = Base; path = Base.lproj/LaunchScreen.storyboard; sourceTree = "<group>"; };
		B4AFF5D72C34CAFC00032E53 /* Info.plist */ = {isa = PBXFileReference; lastKnownFileType = text.plist.xml; path = Info.plist; sourceTree = "<group>"; };
		B4AFF5DE2C34D13100032E53 /* HomeViewController.swift */ = {isa = PBXFileReference; lastKnownFileType = sourcecode.swift; path = HomeViewController.swift; sourceTree = "<group>"; };
		B4AFF5E02C34D17C00032E53 /* UpcomingViewController.swift */ = {isa = PBXFileReference; lastKnownFileType = sourcecode.swift; path = UpcomingViewController.swift; sourceTree = "<group>"; };
		B4AFF5E22C34D1A400032E53 /* SearchViewController.swift */ = {isa = PBXFileReference; lastKnownFileType = sourcecode.swift; path = SearchViewController.swift; sourceTree = "<group>"; };
		B4AFF5E42C34D1CD00032E53 /* DownloadsViewController.swift */ = {isa = PBXFileReference; lastKnownFileType = sourcecode.swift; path = DownloadsViewController.swift; sourceTree = "<group>"; };
		B4AFF5EB2C34DC8900032E53 /* CollectionViewTableViewCell.swift */ = {isa = PBXFileReference; lastKnownFileType = sourcecode.swift; path = CollectionViewTableViewCell.swift; sourceTree = "<group>"; };
		B4AFF5ED2C34E2A000032E53 /* HeroHeaderUIView.swift */ = {isa = PBXFileReference; lastKnownFileType = sourcecode.swift; path = HeroHeaderUIView.swift; sourceTree = "<group>"; };
		B4FC7FA52C378500000FD8ED /* APICaller.swift */ = {isa = PBXFileReference; lastKnownFileType = sourcecode.swift; path = APICaller.swift; sourceTree = "<group>"; };
		B4FC7FA72C3792A7000FD8ED /* Title.swift */ = {isa = PBXFileReference; lastKnownFileType = sourcecode.swift; path = Title.swift; sourceTree = "<group>"; };
		B4FC7FA92C379704000FD8ED /* Extensions.swift */ = {isa = PBXFileReference; lastKnownFileType = sourcecode.swift; path = Extensions.swift; sourceTree = "<group>"; };
		B4FC7FAD2C37A2F6000FD8ED /* TitleCollectionViewCell.swift */ = {isa = PBXFileReference; lastKnownFileType = sourcecode.swift; path = TitleCollectionViewCell.swift; sourceTree = "<group>"; };
/* End PBXFileReference section */

/* Begin PBXFrameworksBuildPhase section */
		B4AFF5C32C34CAF900032E53 /* Frameworks */ = {
			isa = PBXFrameworksBuildPhase;
			buildActionMask = 2147483647;
			files = (
				B4FC7FB32C37A46B000FD8ED /* SDWebImageMapKit in Frameworks */,
				B4FC7FB12C37A46B000FD8ED /* SDWebImage in Frameworks */,
			);
			runOnlyForDeploymentPostprocessing = 0;
		};
/* End PBXFrameworksBuildPhase section */

/* Begin PBXGroup section */
		B4AFF5BD2C34CAF900032E53 = {
			isa = PBXGroup;
			children = (
				B4AFF5C82C34CAF900032E53 /* Netflix Clone */,
				B4AFF5C72C34CAF900032E53 /* Products */,
			);
			sourceTree = "<group>";
		};
		B4AFF5C72C34CAF900032E53 /* Products */ = {
			isa = PBXGroup;
			children = (
				B4AFF5C62C34CAF900032E53 /* Netflix Clone.app */,
			);
			name = Products;
			sourceTree = "<group>";
		};
		B4AFF5C82C34CAF900032E53 /* Netflix Clone */ = {
			isa = PBXGroup;
			children = (
				B4AFF5EA2C34DC3C00032E53 /* Managers */,
				B4AFF5E92C34DC3000032E53 /* Resources */,
				B4AFF5E82C34DBE500032E53 /* Models */,
				B4AFF5E62C34DBC500032E53 /* Views */,
				B4AFF5E72C34DBD200032E53 /* ViewModels */,
				B4AFF5DD2C34D0F200032E53 /* Controllers */,
				B4AFF5C92C34CAF900032E53 /* AppDelegate.swift */,
				B4AFF5CB2C34CAF900032E53 /* SceneDelegate.swift */,
				B4AFF5CD2C34CAF900032E53 /* MainTabBarViewController.swift */,
				B4AFF5D22C34CAFC00032E53 /* Assets.xcassets */,
				B4AFF5D42C34CAFC00032E53 /* LaunchScreen.storyboard */,
				B4AFF5D72C34CAFC00032E53 /* Info.plist */,
			);
			path = "Netflix Clone";
			sourceTree = "<group>";
		};
		B4AFF5DD2C34D0F200032E53 /* Controllers */ = {
			isa = PBXGroup;
			children = (
				B4AFF5DE2C34D13100032E53 /* HomeViewController.swift */,
				B4AFF5E02C34D17C00032E53 /* UpcomingViewController.swift */,
				B4AFF5E22C34D1A400032E53 /* SearchViewController.swift */,
				B4AFF5E42C34D1CD00032E53 /* DownloadsViewController.swift */,
			);
			path = Controllers;
			sourceTree = "<group>";
		};
		B4AFF5E62C34DBC500032E53 /* Views */ = {
			isa = PBXGroup;
			children = (
				B4AFF5EB2C34DC8900032E53 /* CollectionViewTableViewCell.swift */,
				B4AFF5ED2C34E2A000032E53 /* HeroHeaderUIView.swift */,
				B4FC7FAD2C37A2F6000FD8ED /* TitleCollectionViewCell.swift */,
				B447145A2C39A0F90055DDFF /* TitleTableViewCell.swift */,
			);
			path = Views;
			sourceTree = "<group>";
		};
		B4AFF5E72C34DBD200032E53 /* ViewModels */ = {
			isa = PBXGroup;
			children = (
				B447145C2C39A4160055DDFF /* TitleViewModel.swift */,
			);
			path = ViewModels;
			sourceTree = "<group>";
		};
		B4AFF5E82C34DBE500032E53 /* Models */ = {
			isa = PBXGroup;
			children = (
				B4FC7FA72C3792A7000FD8ED /* Title.swift */,
			);
			path = Models;
			sourceTree = "<group>";
		};
		B4AFF5E92C34DC3000032E53 /* Resources */ = {
			isa = PBXGroup;
			children = (
				B4FC7FA92C379704000FD8ED /* Extensions.swift */,
			);
			path = Resources;
			sourceTree = "<group>";
		};
		B4AFF5EA2C34DC3C00032E53 /* Managers */ = {
			isa = PBXGroup;
			children = (
				B4FC7FA52C378500000FD8ED /* APICaller.swift */,
			);
			path = Managers;
			sourceTree = "<group>";
		};
/* End PBXGroup section */

/* Begin PBXNativeTarget section */
		B4AFF5C52C34CAF900032E53 /* Netflix Clone */ = {
			isa = PBXNativeTarget;
			buildConfigurationList = B4AFF5DA2C34CAFC00032E53 /* Build configuration list for PBXNativeTarget "Netflix Clone" */;
			buildPhases = (
				B4AFF5C22C34CAF900032E53 /* Sources */,
				B4AFF5C32C34CAF900032E53 /* Frameworks */,
				B4AFF5C42C34CAF900032E53 /* Resources */,
			);
			buildRules = (
			);
			dependencies = (
			);
			name = "Netflix Clone";
			packageProductDependencies = (
				B4FC7FB02C37A46B000FD8ED /* SDWebImage */,
				B4FC7FB22C37A46B000FD8ED /* SDWebImageMapKit */,
			);
			productName = "Netflix Clone";
			productReference = B4AFF5C62C34CAF900032E53 /* Netflix Clone.app */;
			productType = "com.apple.product-type.application";
		};
/* End PBXNativeTarget section */

/* Begin PBXProject section */
		B4AFF5BE2C34CAF900032E53 /* Project object */ = {
			isa = PBXProject;
			attributes = {
				BuildIndependentTargetsInParallel = 1;
				LastSwiftUpdateCheck = 1540;
				LastUpgradeCheck = 1540;
				TargetAttributes = {
					B4AFF5C52C34CAF900032E53 = {
						CreatedOnToolsVersion = 15.4;
					};
				};
			};
			buildConfigurationList = B4AFF5C12C34CAF900032E53 /* Build configuration list for PBXProject "Netflix Clone" */;
			compatibilityVersion = "Xcode 14.0";
			developmentRegion = en;
			hasScannedForEncodings = 0;
			knownRegions = (
				en,
				Base,
			);
			mainGroup = B4AFF5BD2C34CAF900032E53;
			packageReferences = (
				B4FC7FAF2C37A46B000FD8ED /* XCRemoteSwiftPackageReference "SDWebImage" */,
			);
			productRefGroup = B4AFF5C72C34CAF900032E53 /* Products */;
			projectDirPath = "";
			projectRoot = "";
			targets = (
				B4AFF5C52C34CAF900032E53 /* Netflix Clone */,
			);
		};
/* End PBXProject section */

/* Begin PBXResourcesBuildPhase section */
		B4AFF5C42C34CAF900032E53 /* Resources */ = {
			isa = PBXResourcesBuildPhase;
			buildActionMask = 2147483647;
			files = (
				B4AFF5D32C34CAFC00032E53 /* Assets.xcassets in Resources */,
				B4AFF5D62C34CAFC00032E53 /* Base in Resources */,
			);
			runOnlyForDeploymentPostprocessing = 0;
		};
/* End PBXResourcesBuildPhase section */

/* Begin PBXSourcesBuildPhase section */
		B4AFF5C22C34CAF900032E53 /* Sources */ = {
			isa = PBXSourcesBuildPhase;
			buildActionMask = 2147483647;
			files = (
				B447145B2C39A0F90055DDFF /* TitleTableViewCell.swift in Sources */,
				B4AFF5E32C34D1A400032E53 /* SearchViewController.swift in Sources */,
				B4FC7FAE2C37A2F6000FD8ED /* TitleCollectionViewCell.swift in Sources */,
				B4AFF5CE2C34CAF900032E53 /* MainTabBarViewController.swift in Sources */,
				B4AFF5EC2C34DC8900032E53 /* CollectionViewTableViewCell.swift in Sources */,
				B4FC7FA62C378500000FD8ED /* APICaller.swift in Sources */,
				B4AFF5EE2C34E2A000032E53 /* HeroHeaderUIView.swift in Sources */,
				B4AFF5E52C34D1CD00032E53 /* DownloadsViewController.swift in Sources */,
				B4AFF5CA2C34CAF900032E53 /* AppDelegate.swift in Sources */,
				B4FC7FAA2C379704000FD8ED /* Extensions.swift in Sources */,
				B4AFF5CC2C34CAF900032E53 /* SceneDelegate.swift in Sources */,
				B4AFF5E12C34D17C00032E53 /* UpcomingViewController.swift in Sources */,
				B4FC7FA82C3792A7000FD8ED /* Title.swift in Sources */,
				B4AFF5DF2C34D13100032E53 /* HomeViewController.swift in Sources */,
				B447145D2C39A4160055DDFF /* TitleViewModel.swift in Sources */,
			);
			runOnlyForDeploymentPostprocessing = 0;
		};
/* End PBXSourcesBuildPhase section */

/* Begin PBXVariantGroup section */
		B4AFF5D42C34CAFC00032E53 /* LaunchScreen.storyboard */ = {
			isa = PBXVariantGroup;
			children = (
				B4AFF5D52C34CAFC00032E53 /* Base */,
			);
			name = LaunchScreen.storyboard;
			sourceTree = "<group>";
		};
/* End PBXVariantGroup section */

/* Begin XCBuildConfiguration section */
		B4AFF5D82C34CAFC00032E53 /* Debug */ = {
			isa = XCBuildConfiguration;
			buildSettings = {
				ALWAYS_SEARCH_USER_PATHS = NO;
				ASSETCATALOG_COMPILER_GENERATE_SWIFT_ASSET_SYMBOL_EXTENSIONS = YES;
				CLANG_ANALYZER_NONNULL = YES;
				CLANG_ANALYZER_NUMBER_OBJECT_CONVERSION = YES_AGGRESSIVE;
				CLANG_CXX_LANGUAGE_STANDARD = "gnu++20";
				CLANG_ENABLE_MODULES = YES;
				CLANG_ENABLE_OBJC_ARC = YES;
				CLANG_ENABLE_OBJC_WEAK = YES;
				CLANG_WARN_BLOCK_CAPTURE_AUTORELEASING = YES;
				CLANG_WARN_BOOL_CONVERSION = YES;
				CLANG_WARN_COMMA = YES;
				CLANG_WARN_CONSTANT_CONVERSION = YES;
				CLANG_WARN_DEPRECATED_OBJC_IMPLEMENTATIONS = YES;
				CLANG_WARN_DIRECT_OBJC_ISA_USAGE = YES_ERROR;
				CLANG_WARN_DOCUMENTATION_COMMENTS = YES;
				CLANG_WARN_EMPTY_BODY = YES;
				CLANG_WARN_ENUM_CONVERSION = YES;
				CLANG_WARN_INFINITE_RECURSION = YES;
				CLANG_WARN_INT_CONVERSION = YES;
				CLANG_WARN_NON_LITERAL_NULL_CONVERSION = YES;
				CLANG_WARN_OBJC_IMPLICIT_RETAIN_SELF = YES;
				CLANG_WARN_OBJC_LITERAL_CONVERSION = YES;
				CLANG_WARN_OBJC_ROOT_CLASS = YES_ERROR;
				CLANG_WARN_QUOTED_INCLUDE_IN_FRAMEWORK_HEADER = YES;
				CLANG_WARN_RANGE_LOOP_ANALYSIS = YES;
				CLANG_WARN_STRICT_PROTOTYPES = YES;
				CLANG_WARN_SUSPICIOUS_MOVE = YES;
				CLANG_WARN_UNGUARDED_AVAILABILITY = YES_AGGRESSIVE;
				CLANG_WARN_UNREACHABLE_CODE = YES;
				CLANG_WARN__DUPLICATE_METHOD_MATCH = YES;
				COPY_PHASE_STRIP = NO;
				DEBUG_INFORMATION_FORMAT = dwarf;
				ENABLE_STRICT_OBJC_MSGSEND = YES;
				ENABLE_TESTABILITY = YES;
				ENABLE_USER_SCRIPT_SANDBOXING = YES;
				GCC_C_LANGUAGE_STANDARD = gnu17;
				GCC_DYNAMIC_NO_PIC = NO;
				GCC_NO_COMMON_BLOCKS = YES;
				GCC_OPTIMIZATION_LEVEL = 0;
				GCC_PREPROCESSOR_DEFINITIONS = (
					"DEBUG=1",
					"$(inherited)",
				);
				GCC_WARN_64_TO_32_BIT_CONVERSION = YES;
				GCC_WARN_ABOUT_RETURN_TYPE = YES_ERROR;
				GCC_WARN_UNDECLARED_SELECTOR = YES;
				GCC_WARN_UNINITIALIZED_AUTOS = YES_AGGRESSIVE;
				GCC_WARN_UNUSED_FUNCTION = YES;
				GCC_WARN_UNUSED_VARIABLE = YES;
				IPHONEOS_DEPLOYMENT_TARGET = 16.6;
				LOCALIZATION_PREFERS_STRING_CATALOGS = YES;
				MTL_ENABLE_DEBUG_INFO = INCLUDE_SOURCE;
				MTL_FAST_MATH = YES;
				ONLY_ACTIVE_ARCH = YES;
				SDKROOT = iphoneos;
				SWIFT_ACTIVE_COMPILATION_CONDITIONS = "DEBUG $(inherited)";
				SWIFT_OPTIMIZATION_LEVEL = "-Onone";
			};
			name = Debug;
		};
		B4AFF5D92C34CAFC00032E53 /* Release */ = {
			isa = XCBuildConfiguration;
			buildSettings = {
				ALWAYS_SEARCH_USER_PATHS = NO;
				ASSETCATALOG_COMPILER_GENERATE_SWIFT_ASSET_SYMBOL_EXTENSIONS = YES;
				CLANG_ANALYZER_NONNULL = YES;
				CLANG_ANALYZER_NUMBER_OBJECT_CONVERSION = YES_AGGRESSIVE;
				CLANG_CXX_LANGUAGE_STANDARD = "gnu++20";
				CLANG_ENABLE_MODULES = YES;
				CLANG_ENABLE_OBJC_ARC = YES;
				CLANG_ENABLE_OBJC_WEAK = YES;
				CLANG_WARN_BLOCK_CAPTURE_AUTORELEASING = YES;
				CLANG_WARN_BOOL_CONVERSION = YES;
				CLANG_WARN_COMMA = YES;
				CLANG_WARN_CONSTANT_CONVERSION = YES;
				CLANG_WARN_DEPRECATED_OBJC_IMPLEMENTATIONS = YES;
				CLANG_WARN_DIRECT_OBJC_ISA_USAGE = YES_ERROR;
				CLANG_WARN_DOCUMENTATION_COMMENTS = YES;
				CLANG_WARN_EMPTY_BODY = YES;
				CLANG_WARN_ENUM_CONVERSION = YES;
				CLANG_WARN_INFINITE_RECURSION = YES;
				CLANG_WARN_INT_CONVERSION = YES;
				CLANG_WARN_NON_LITERAL_NULL_CONVERSION = YES;
				CLANG_WARN_OBJC_IMPLICIT_RETAIN_SELF = YES;
				CLANG_WARN_OBJC_LITERAL_CONVERSION = YES;
				CLANG_WARN_OBJC_ROOT_CLASS = YES_ERROR;
				CLANG_WARN_QUOTED_INCLUDE_IN_FRAMEWORK_HEADER = YES;
				CLANG_WARN_RANGE_LOOP_ANALYSIS = YES;
				CLANG_WARN_STRICT_PROTOTYPES = YES;
				CLANG_WARN_SUSPICIOUS_MOVE = YES;
				CLANG_WARN_UNGUARDED_AVAILABILITY = YES_AGGRESSIVE;
				CLANG_WARN_UNREACHABLE_CODE = YES;
				CLANG_WARN__DUPLICATE_METHOD_MATCH = YES;
				COPY_PHASE_STRIP = NO;
				DEBUG_INFORMATION_FORMAT = "dwarf-with-dsym";
				ENABLE_NS_ASSERTIONS = NO;
				ENABLE_STRICT_OBJC_MSGSEND = YES;
				ENABLE_USER_SCRIPT_SANDBOXING = YES;
				GCC_C_LANGUAGE_STANDARD = gnu17;
				GCC_NO_COMMON_BLOCKS = YES;
				GCC_WARN_64_TO_32_BIT_CONVERSION = YES;
				GCC_WARN_ABOUT_RETURN_TYPE = YES_ERROR;
				GCC_WARN_UNDECLARED_SELECTOR = YES;
				GCC_WARN_UNINITIALIZED_AUTOS = YES_AGGRESSIVE;
				GCC_WARN_UNUSED_FUNCTION = YES;
				GCC_WARN_UNUSED_VARIABLE = YES;
				IPHONEOS_DEPLOYMENT_TARGET = 16.6;
				LOCALIZATION_PREFERS_STRING_CATALOGS = YES;
				MTL_ENABLE_DEBUG_INFO = NO;
				MTL_FAST_MATH = YES;
				SDKROOT = iphoneos;
				SWIFT_COMPILATION_MODE = wholemodule;
				VALIDATE_PRODUCT = YES;
			};
			name = Release;
		};
		B4AFF5DB2C34CAFC00032E53 /* Debug */ = {
			isa = XCBuildConfiguration;
			buildSettings = {
				ASSETCATALOG_COMPILER_APPICON_NAME = AppIcon;
				ASSETCATALOG_COMPILER_GLOBAL_ACCENT_COLOR_NAME = AccentColor;
				CODE_SIGN_STYLE = Automatic;
				CURRENT_PROJECT_VERSION = 1;
				DEVELOPMENT_TEAM = 8R8MHN586J;
				GENERATE_INFOPLIST_FILE = YES;
				INFOPLIST_FILE = "Netflix Clone/Info.plist";
				INFOPLIST_KEY_UIApplicationSupportsIndirectInputEvents = YES;
				INFOPLIST_KEY_UILaunchStoryboardName = LaunchScreen;
				INFOPLIST_KEY_UISupportedInterfaceOrientations_iPad = "UIInterfaceOrientationPortrait UIInterfaceOrientationPortraitUpsideDown UIInterfaceOrientationLandscapeLeft UIInterfaceOrientationLandscapeRight";
				INFOPLIST_KEY_UISupportedInterfaceOrientations_iPhone = "UIInterfaceOrientationPortrait UIInterfaceOrientationLandscapeLeft UIInterfaceOrientationLandscapeRight";
				LD_RUNPATH_SEARCH_PATHS = (
					"$(inherited)",
					"@executable_path/Frameworks",
				);
				MARKETING_VERSION = 1.0;
				PRODUCT_BUNDLE_IDENTIFIER = "com.payton.Netflix-Clone";
				PRODUCT_NAME = "$(TARGET_NAME)";
				SWIFT_EMIT_LOC_STRINGS = YES;
				SWIFT_VERSION = 5.0;
				TARGETED_DEVICE_FAMILY = "1,2";
			};
			name = Debug;
		};
		B4AFF5DC2C34CAFC00032E53 /* Release */ = {
			isa = XCBuildConfiguration;
			buildSettings = {
				ASSETCATALOG_COMPILER_APPICON_NAME = AppIcon;
				ASSETCATALOG_COMPILER_GLOBAL_ACCENT_COLOR_NAME = AccentColor;
				CODE_SIGN_STYLE = Automatic;
				CURRENT_PROJECT_VERSION = 1;
				DEVELOPMENT_TEAM = 8R8MHN586J;
				GENERATE_INFOPLIST_FILE = YES;
				INFOPLIST_FILE = "Netflix Clone/Info.plist";
				INFOPLIST_KEY_UIApplicationSupportsIndirectInputEvents = YES;
				INFOPLIST_KEY_UILaunchStoryboardName = LaunchScreen;
				INFOPLIST_KEY_UISupportedInterfaceOrientations_iPad = "UIInterfaceOrientationPortrait UIInterfaceOrientationPortraitUpsideDown UIInterfaceOrientationLandscapeLeft UIInterfaceOrientationLandscapeRight";
				INFOPLIST_KEY_UISupportedInterfaceOrientations_iPhone = "UIInterfaceOrientationPortrait UIInterfaceOrientationLandscapeLeft UIInterfaceOrientationLandscapeRight";
				LD_RUNPATH_SEARCH_PATHS = (
					"$(inherited)",
					"@executable_path/Frameworks",
				);
				MARKETING_VERSION = 1.0;
				PRODUCT_BUNDLE_IDENTIFIER = "com.payton.Netflix-Clone";
				PRODUCT_NAME = "$(TARGET_NAME)";
				SWIFT_EMIT_LOC_STRINGS = YES;
				SWIFT_VERSION = 5.0;
				TARGETED_DEVICE_FAMILY = "1,2";
			};
			name = Release;
		};
/* End XCBuildConfiguration section */

/* Begin XCConfigurationList section */
		B4AFF5C12C34CAF900032E53 /* Build configuration list for PBXProject "Netflix Clone" */ = {
			isa = XCConfigurationList;
			buildConfigurations = (
				B4AFF5D82C34CAFC00032E53 /* Debug */,
				B4AFF5D92C34CAFC00032E53 /* Release */,
			);
			defaultConfigurationIsVisible = 0;
			defaultConfigurationName = Release;
		};
		B4AFF5DA2C34CAFC00032E53 /* Build configuration list for PBXNativeTarget "Netflix Clone" */ = {
			isa = XCConfigurationList;
			buildConfigurations = (
				B4AFF5DB2C34CAFC00032E53 /* Debug */,
				B4AFF5DC2C34CAFC00032E53 /* Release */,
			);
			defaultConfigurationIsVisible = 0;
			defaultConfigurationName = Release;
		};
/* End XCConfigurationList section */

/* Begin XCRemoteSwiftPackageReference section */
		B4FC7FAF2C37A46B000FD8ED /* XCRemoteSwiftPackageReference "SDWebImage" */ = {
			isa = XCRemoteSwiftPackageReference;
			repositoryURL = "https://github.com/SDWebImage/SDWebImage.git";
			requirement = {
				kind = upToNextMajorVersion;
				minimumVersion = 5.19.4;
			};
		};
/* End XCRemoteSwiftPackageReference section */

/* Begin XCSwiftPackageProductDependency section */
		B4FC7FB02C37A46B000FD8ED /* SDWebImage */ = {
			isa = XCSwiftPackageProductDependency;
			package = B4FC7FAF2C37A46B000FD8ED /* XCRemoteSwiftPackageReference "SDWebImage" */;
			productName = SDWebImage;
		};
		B4FC7FB22C37A46B000FD8ED /* SDWebImageMapKit */ = {
			isa = XCSwiftPackageProductDependency;
			package = B4FC7FAF2C37A46B000FD8ED /* XCRemoteSwiftPackageReference "SDWebImage" */;
			productName = SDWebImageMapKit;
		};
/* End XCSwiftPackageProductDependency section */
	};
	rootObject = B4AFF5BE2C34CAF900032E53 /* Project object */;
}
